
Microsoft Visual Studio Solution File, Format Version 12.00
# Visual Studio Version 17
VisualStudioVersion = 17.14.36310.24 d17.14
MinimumVisualStudioVersion = 10.0.40219.1
Project("{FAE04EC0-301F-11D3-BF4B-00C04F79EFBC}") = "ABCRetailers", "ABCRetailers.csproj", "{850D4F5D-8130-49E4-94FE-AE9703982827}"
EndProject
Global
	GlobalSection(SolutionConfigurationPlatforms) = preSolution
		Debug|Any CPU = Debug|Any CPU
		Release|Any CPU = Release|Any CPU
	EndGlobalSection
	GlobalSection(ProjectConfigurationPlatforms) = postSolution
		{850D4F5D-8130-49E4-94FE-AE9703982827}.Debug|Any CPU.ActiveCfg = Debug|Any CPU
		{850D4F5D-8130-49E4-94FE-AE9703982827}.Debug|Any CPU.Build.0 = Debug|Any CPU
		{850D4F5D-8130-49E4-94FE-AE9703982827}.Release|Any CPU.ActiveCfg = Release|Any CPU
		{850D4F5D-8130-49E4-94FE-AE9703982827}.Release|Any CPU.Build.0 = Release|Any CPU
	EndGlobalSection
	GlobalSection(SolutionProperties) = preSolution
		HideSolutionNode = FALSE
	EndGlobalSection
	GlobalSection(ExtensibilityGlobals) = postSolution
		SolutionGuid = {C1CACA59-6A79-453D-B7B5-406A46E80783}
	EndGlobalSection
EndGlobal
